
Microsoft Visual Studio Solution File, Format Version 12.00
# Visual Studio 2012
Project("{f2a71f9b-5d33-465a-a702-920d77279786}") = "SmtpInMemory", "SmtpInMemory\SmtpInMemory.fsproj", "{1DA85A12-5C90-4EC7-A832-D7901726CB97}"
EndProject
Project("{FAE04EC0-301F-11D3-BF4B-00C04F79EFBC}") = "Tests", "Tests\Tests.csproj", "{05EC605C-A24F-4A44-BBAF-FF65FF114449}"
EndProject
Global
	GlobalSection(SolutionConfigurationPlatforms) = preSolution
		Debug|Any CPU = Debug|Any CPU
		Release|Any CPU = Release|Any CPU
	EndGlobalSection
	GlobalSection(ProjectConfigurationPlatforms) = postSolution
		{05EC605C-A24F-4A44-BBAF-FF65FF114449}.Debug|Any CPU.ActiveCfg = Debug|Any CPU
		{05EC605C-A24F-4A44-BBAF-FF65FF114449}.Debug|Any CPU.Build.0 = Debug|Any CPU
		{05EC605C-A24F-4A44-BBAF-FF65FF114449}.Release|Any CPU.ActiveCfg = Release|Any CPU
		{05EC605C-A24F-4A44-BBAF-FF65FF114449}.Release|Any CPU.Build.0 = Release|Any CPU
		{1DA85A12-5C90-4EC7-A832-D7901726CB97}.Debug|Any CPU.ActiveCfg = Debug|Any CPU
		{1DA85A12-5C90-4EC7-A832-D7901726CB97}.Debug|Any CPU.Build.0 = Debug|Any CPU
		{1DA85A12-5C90-4EC7-A832-D7901726CB97}.Release|Any CPU.ActiveCfg = Release|Any CPU
		{1DA85A12-5C90-4EC7-A832-D7901726CB97}.Release|Any CPU.Build.0 = Release|Any CPU
	EndGlobalSection
EndGlobal
